
Microsoft Visual Studio Solution File, Format Version 12.00
# Visual Studio Version 17
VisualStudioVersion = 17.13.35931.197 d17.13
MinimumVisualStudioVersion = 10.0.40219.1
Project("{FAE04EC0-301F-11D3-BF4B-00C04F79EFBC}") = "StudentTracker", "StudentTracker\StudentTracker.csproj", "{E29D2B65-F8F2-4A1F-B849-1C1CEC8956D7}"
EndProject
Global
	GlobalSection(SolutionConfigurationPlatforms) = preSolution
		Debug|Any CPU = Debug|Any CPU
		Release|Any CPU = Release|Any CPU
	EndGlobalSection
	GlobalSection(ProjectConfigurationPlatforms) = postSolution
		{E29D2B65-F8F2-4A1F-B849-1C1CEC8956D7}.Debug|Any CPU.ActiveCfg = Debug|Any CPU
		{E29D2B65-F8F2-4A1F-B849-1C1CEC8956D7}.Debug|Any CPU.Build.0 = Debug|Any CPU
		{E29D2B65-F8F2-4A1F-B849-1C1CEC8956D7}.Release|Any CPU.ActiveCfg = Release|Any CPU
		{E29D2B65-F8F2-4A1F-B849-1C1CEC8956D7}.Release|Any CPU.Build.0 = Release|Any CPU
	EndGlobalSection
	GlobalSection(SolutionProperties) = preSolution
		HideSolutionNode = FALSE
	EndGlobalSection
	GlobalSection(ExtensibilityGlobals) = postSolution
		SolutionGuid = {93B1B63E-738A-4319-B9F9-41C7D45C39DD}
	EndGlobalSection
EndGlobal
